#MicroXplorer Configuration settings - do not modify
ADC1.Channel-0\#ChannelRegularConversion=ADC_CHANNEL_16
ADC1.IPParameters=Rank-0\#ChannelRegularConversion,Channel-0\#ChannelRegularConversion,SamplingTime-0\#ChannelRegularConversion,OffsetNumber-0\#ChannelRegularConversion,OffsetSignedSaturation-0\#ChannelRegularConversion,NbrOfConversionFlag,SingleDiff-0\#ChannelRegularConversion,master
ADC1.NbrOfConversionFlag=1
ADC1.OffsetNumber-0\#ChannelRegularConversion=ADC_OFFSET_NONE
ADC1.OffsetSignedSaturation-0\#ChannelRegularConversion=DISABLE
ADC1.Rank-0\#ChannelRegularConversion=1
ADC1.SamplingTime-0\#ChannelRegularConversion=ADC_SAMPLETIME_1CYCLE_5
ADC1.SingleDiff-0\#ChannelRegularConversion=ADC_DIFFERENTIAL_ENDED
ADC1.master=1
ADC2.Channel-0\#ChannelRegularConversion=ADC_CHANNEL_3
ADC2.IPParameters=Rank-0\#ChannelRegularConversion,Channel-0\#ChannelRegularConversion,SamplingTime-0\#ChannelRegularConversion,OffsetNumber-0\#ChannelRegularConversion,OffsetSignedSaturation-0\#ChannelRegularConversion,NbrOfConversionFlag
ADC2.NbrOfConversionFlag=1
ADC2.OffsetNumber-0\#ChannelRegularConversion=ADC_OFFSET_NONE
ADC2.OffsetSignedSaturation-0\#ChannelRegularConversion=DISABLE
ADC2.Rank-0\#ChannelRegularConversion=1
ADC2.SamplingTime-0\#ChannelRegularConversion=ADC_SAMPLETIME_1CYCLE_5
ADC3.Channel-0\#ChannelRegularConversion=ADC_CHANNEL_8
ADC3.IPParameters=Rank-0\#ChannelRegularConversion,Channel-0\#ChannelRegularConversion,SamplingTime-0\#ChannelRegularConversion,OffsetNumber-0\#ChannelRegularConversion,OffsetSignedSaturation-0\#ChannelRegularConversion,NbrOfConversionFlag,NbrOfConversion
ADC3.NbrOfConversion=1
ADC3.NbrOfConversionFlag=1
ADC3.OffsetNumber-0\#ChannelRegularConversion=ADC_OFFSET_NONE
ADC3.OffsetSignedSaturation-0\#ChannelRegularConversion=DISABLE
ADC3.Rank-0\#ChannelRegularConversion=1
ADC3.SamplingTime-0\#ChannelRegularConversion=ADC_SAMPLETIME_1CYCLE_5
CORTEX_M7.CPU_DCache=Disabled
CORTEX_M7.CPU_ICache=Disabled
CORTEX_M7.IPParameters=CPU_ICache,CPU_DCache
DAC1.DAC_Channel-DAC_OUT1=DAC_CHANNEL_1
DAC1.DAC_Channel-DAC_OUT2=DAC_CHANNEL_2
DAC1.IPParameters=DAC_Channel-DAC_OUT1,DAC_Channel-DAC_OUT2
FATFS.BSP.number=1
FATFS.IPParameters=_FS_RPATH,USE_DMA_CODE_SD
FATFS.USE_DMA_CODE_SD=1
FATFS._FS_RPATH=2
FATFS0.BSP.STBoard=false
FATFS0.BSP.api=Unknown
FATFS0.BSP.component=
FATFS0.BSP.condition=
FATFS0.BSP.i2caddr=0
FATFS0.BSP.i2creg=
FATFS0.BSP.instance=PA8
FATFS0.BSP.ip=GPIO
FATFS0.BSP.mode=Input
FATFS0.BSP.name=Detect_SDIO
FATFS0.BSP.semaphore=
FATFS0.BSP.solution=PA8
FDCAN1.IPParameters=ProtocolException,NominalSyncJumpWidth,NominalTimeSeg1,NominalTimeSeg2,StdFiltersNbr,RxFifo0ElmtsNbr,TxBuffersNbr,TxFifoQueueElmtsNbr
FDCAN1.NominalSyncJumpWidth=8
FDCAN1.NominalTimeSeg1=0x1f
FDCAN1.NominalTimeSeg2=8
FDCAN1.ProtocolException=ENABLE
FDCAN1.RxFifo0ElmtsNbr=1
FDCAN1.StdFiltersNbr=1
FDCAN1.TxBuffersNbr=0
FDCAN1.TxFifoQueueElmtsNbr=1
FMC.AddressSetupTime1=5
FMC.AddressSetupTime2=5
FMC.BankMapConfig=FMC_SWAPBMAP_SDRAM_SRAM
FMC.BusTurnAroundDuration1=1
FMC.BusTurnAroundDuration2=0
FMC.CASLatency1=FMC_SDRAM_CAS_LATENCY_3
FMC.ColumnBitsNumber1=FMC_SDRAM_COLUMN_BITS_NUM_9
FMC.DataSetupTime1=5
FMC.DataSetupTime2=9
FMC.IPParameters=BankMapConfig,CASLatency1,SDClockPeriod1,ReadBurst1,ReadPipeDelay1,LoadToActiveDelay1,AddressSetupTime2,DataSetupTime2,BusTurnAroundDuration2,WriteOperation1,AddressSetupTime1,DataSetupTime1,BusTurnAroundDuration1,ColumnBitsNumber1
FMC.LoadToActiveDelay1=4
FMC.ReadBurst1=FMC_SDRAM_RBURST_ENABLE
FMC.ReadPipeDelay1=FMC_SDRAM_RPIPE_DELAY_1
FMC.SDClockPeriod1=FMC_SDRAM_CLOCK_PERIOD_3
FMC.WriteOperation1=FMC_WRITE_OPERATION_ENABLE
File.Version=6
GPIO.groupedBy=Group By Peripherals
I2C2.I2C_Speed_Mode=I2C_Fast
I2C2.IPParameters=Timing,I2C_Speed_Mode
I2C2.Timing=0x00B03FDB
I2S2.AudioFreq=I2S_AUDIOFREQ_48K
I2S2.CPOL=I2S_CPOL_LOW
I2S2.DataFormat=I2S_DATAFORMAT_16B
I2S2.ErrorAudioFreq=0.0 %
I2S2.FirstBit=I2S_FIRSTBIT_MSB
I2S2.FullDuplexMode=I2S_MODE_MASTER_FD
I2S2.IPParameters=Instance,VirtualMode,FullDuplexMode,RealAudioFreq,ErrorAudioFreq,AudioFreq,FirstBit,CPOL,DataFormat
I2S2.Instance=SPI$Index
I2S2.RealAudioFreq=48.0 KHz
I2S2.VirtualMode=I2S_MODE_MASTER
KeepUserPlacement=false
Mcu.Family=STM32H7
Mcu.IP0=ADC1
Mcu.IP1=ADC2
Mcu.IP10=I2S2
Mcu.IP11=NVIC
Mcu.IP12=RCC
Mcu.IP13=SDMMC1
Mcu.IP14=SPI4
Mcu.IP15=SPI6
Mcu.IP16=SYS
Mcu.IP17=USART1
Mcu.IP18=USB_DEVICE
Mcu.IP19=USB_OTG_FS
Mcu.IP2=ADC3
Mcu.IP3=CORTEX_M7
Mcu.IP4=DAC1
Mcu.IP5=DMA2D
Mcu.IP6=FATFS
Mcu.IP7=FDCAN1
Mcu.IP8=FMC
Mcu.IP9=I2C2
Mcu.IPNb=20
Mcu.Name=STM32H743ZITx
Mcu.Package=LQFP144
Mcu.Pin0=PE2
Mcu.Pin1=PE5
Mcu.Pin10=PH0-OSC_IN (PH0)
Mcu.Pin11=PH1-OSC_OUT (PH1)
Mcu.Pin12=PC2_C
Mcu.Pin13=PC3_C
Mcu.Pin14=PA0
Mcu.Pin15=PA1
Mcu.Pin16=PA2
Mcu.Pin17=PA3
Mcu.Pin18=PA4
Mcu.Pin19=PA5
Mcu.Pin2=PE6
Mcu.Pin20=PA6
Mcu.Pin21=PA7
Mcu.Pin22=PC4
Mcu.Pin23=PC5
Mcu.Pin24=PB2
Mcu.Pin25=PF11
Mcu.Pin26=PF12
Mcu.Pin27=PF13
Mcu.Pin28=PF14
Mcu.Pin29=PF15
Mcu.Pin3=PF0
Mcu.Pin30=PG0
Mcu.Pin31=PG1
Mcu.Pin32=PE7
Mcu.Pin33=PE8
Mcu.Pin34=PE9
Mcu.Pin35=PE10
Mcu.Pin36=PE11
Mcu.Pin37=PE12
Mcu.Pin38=PE13
Mcu.Pin39=PE14
Mcu.Pin4=PF1
Mcu.Pin40=PE15
Mcu.Pin41=PB10
Mcu.Pin42=PB11
Mcu.Pin43=PB12
Mcu.Pin44=PB13
Mcu.Pin45=PD8
Mcu.Pin46=PD9
Mcu.Pin47=PD10
Mcu.Pin48=PD13
Mcu.Pin49=PD14
Mcu.Pin5=PF2
Mcu.Pin50=PD15
Mcu.Pin51=PG2
Mcu.Pin52=PG4
Mcu.Pin53=PG5
Mcu.Pin54=PG8
Mcu.Pin55=PC7
Mcu.Pin56=PC8
Mcu.Pin57=PC9
Mcu.Pin58=PA8
Mcu.Pin59=PA9
Mcu.Pin6=PF3
Mcu.Pin60=PA10
Mcu.Pin61=PA11
Mcu.Pin62=PA12
Mcu.Pin63=PC10
Mcu.Pin64=PC11
Mcu.Pin65=PC12
Mcu.Pin66=PD0
Mcu.Pin67=PD1
Mcu.Pin68=PD2
Mcu.Pin69=PD3
Mcu.Pin7=PF4
Mcu.Pin70=PD4
Mcu.Pin71=PD5
Mcu.Pin72=PG10
Mcu.Pin73=PG11
Mcu.Pin74=PG12
Mcu.Pin75=PG13
Mcu.Pin76=PG14
Mcu.Pin77=PG15
Mcu.Pin78=PB8
Mcu.Pin79=PB9
Mcu.Pin8=PF5
Mcu.Pin80=PE0
Mcu.Pin81=PE1
Mcu.Pin82=VP_DMA2D_VS_DMA2D
Mcu.Pin83=VP_FATFS_VS_SDIO
Mcu.Pin84=VP_SYS_VS_Systick
Mcu.Pin85=VP_USB_DEVICE_VS_USB_DEVICE_CUSTOM_HID_FS
Mcu.Pin9=PF6
Mcu.PinsNb=86
Mcu.ThirdPartyNb=0
Mcu.UserConstants=
Mcu.UserName=STM32H743ZITx
MxCube.Version=6.3.0
MxDb.Version=DB.6.0.30
NVIC.BusFault_IRQn=true\:0\:0\:false\:false\:true\:false\:false
NVIC.DebugMonitor_IRQn=true\:0\:0\:false\:false\:true\:false\:false
NVIC.FDCAN1_IT0_IRQn=true\:0\:0\:false\:false\:true\:true\:true
NVIC.ForceEnableDMAVector=true
NVIC.HardFault_IRQn=true\:0\:0\:false\:false\:true\:false\:false
NVIC.MemoryManagement_IRQn=true\:0\:0\:false\:false\:true\:false\:false
NVIC.NonMaskableInt_IRQn=true\:0\:0\:false\:false\:true\:false\:false
NVIC.OTG_FS_IRQn=true\:0\:0\:false\:false\:true\:true\:true
NVIC.PendSV_IRQn=true\:0\:0\:false\:false\:true\:false\:false
NVIC.PriorityGroup=NVIC_PRIORITYGROUP_4
NVIC.SDMMC1_IRQn=true\:0\:0\:false\:false\:true\:true\:true
NVIC.SVCall_IRQn=true\:0\:0\:false\:false\:true\:false\:false
NVIC.SysTick_IRQn=true\:0\:0\:false\:false\:true\:false\:true
NVIC.UsageFault_IRQn=true\:0\:0\:false\:false\:true\:false\:false
PA0.Mode=IN16-Differential
PA0.Signal=ADC1_INP16
PA1.Mode=IN16-Differential
PA1.Signal=ADC1_INN16
PA10.Locked=true
PA10.Mode=Asynchronous
PA10.Signal=USART1_RX
PA11.Mode=Device_Only
PA11.Signal=USB_OTG_FS_DM
PA12.Mode=Device_Only
PA12.Signal=USB_OTG_FS_DP
PA2.Signal=ADCx_INP14
PA3.Signal=ADCx_INP15
PA4.Signal=COMP_DAC11_group
PA5.Signal=COMP_DAC12_group
PA6.Signal=ADCx_INP3
PA7.Locked=true
PA7.Signal=FMC_SDNWE
PA8.GPIOParameters=GPIO_PuPd,GPIO_Label
PA8.GPIO_Label=SDCardnDet
PA8.GPIO_PuPd=GPIO_NOPULL
PA8.Locked=true
PA8.Signal=GPIO_Input
PA9.Locked=true
PA9.Mode=Asynchronous
PA9.Signal=USART1_TX
PB10.GPIOParameters=GPIO_Pu
PB10.GPIO_Pu=GPIO_PULLUP
PB10.Locked=true
PB10.Mode=I2C
PB10.Signal=I2C2_SCL
PB11.GPIOParameters=GPIO_Pu
PB11.GPIO_Pu=GPIO_PULLUP
PB11.Locked=true
PB11.Mode=I2C
PB11.Signal=I2C2_SDA
PB12.Locked=true
PB12.Mode=Full_Duplex_Master
PB12.Signal=I2S2_WS
PB13.Locked=true
PB13.Mode=Full_Duplex_Master
PB13.Signal=I2S2_CK
PB2.GPIOParameters=PinState,GPIO_Label
PB2.GPIO_Label=MotionnCs
PB2.Locked=true
PB2.PinState=GPIO_PIN_SET
PB2.Signal=GPIO_Output
PB8.Locked=true
PB8.Mode=FDCAN_Activate
PB8.Signal=FDCAN1_RX
PB9.Locked=true
PB9.Mode=FDCAN_Activate
PB9.Signal=FDCAN1_TX
PC10.GPIOParameters=GPIO_PuPd
PC10.GPIO_PuPd=GPIO_PULLUP
PC10.Locked=true
PC10.Mode=SD_4_bits_Wide_bus
PC10.Signal=SDMMC1_D2
PC11.GPIOParameters=GPIO_PuPd
PC11.GPIO_PuPd=GPIO_PULLUP
PC11.Locked=true
PC11.Mode=SD_4_bits_Wide_bus
PC11.Signal=SDMMC1_D3
PC12.Locked=true
PC12.Mode=SD_4_bits_Wide_bus
PC12.Signal=SDMMC1_CK
PC2_C.Locked=true
PC2_C.Mode=Full_Duplex_Master
PC2_C.Signal=I2S2_SDI
PC3_C.GPIOParameters=GPIO_Speed,GPIO_PuPd
PC3_C.GPIO_PuPd=GPIO_NOPULL
PC3_C.GPIO_Speed=GPIO_SPEED_FREQ_VERY_HIGH
PC3_C.Locked=true
PC3_C.Mode=Full_Duplex_Master
PC3_C.Signal=I2S2_SDO
PC4.Locked=true
PC4.Mode=SdramChipSelect1_1
PC4.Signal=FMC_SDNE0
PC5.Locked=true
PC5.Mode=SdramChipSelect1_1
PC5.Signal=FMC_SDCKE0
PC7.Locked=true
PC7.Mode=NorPsramChipSelect1_2
PC7.Signal=FMC_NE1
PC8.GPIOParameters=GPIO_PuPd
PC8.GPIO_PuPd=GPIO_PULLUP
PC8.Locked=true
PC8.Mode=SD_4_bits_Wide_bus
PC8.Signal=SDMMC1_D0
PC9.GPIOParameters=GPIO_PuPd
PC9.GPIO_PuPd=GPIO_PULLUP
PC9.Locked=true
PC9.Mode=SD_4_bits_Wide_bus
PC9.Signal=SDMMC1_D1
PD0.Locked=true
PD0.Signal=FMC_D2_DA2
PD1.Locked=true
PD1.Signal=FMC_D3_DA3
PD10.Locked=true
PD10.Signal=FMC_D15_DA15
PD13.GPIOParameters=PinState,GPIO_Label
PD13.GPIO_Label=SPI4_nCS
PD13.Locked=true
PD13.PinState=GPIO_PIN_SET
PD13.Signal=GPIO_Output
PD14.Locked=true
PD14.Signal=FMC_D0_DA0
PD15.Locked=true
PD15.Signal=FMC_D1_DA1
PD2.GPIOParameters=GPIO_PuPd
PD2.GPIO_PuPd=GPIO_PULLUP
PD2.Locked=true
PD2.Mode=SD_4_bits_Wide_bus
PD2.Signal=SDMMC1_CMD
PD3.GPIOParameters=GPIO_Label,GPIO_ModeDefaultEXTI
PD3.GPIO_Label=TOUCH_IRQ
PD3.GPIO_ModeDefaultEXTI=GPIO_MODE_IT_FALLING
PD3.Locked=true
PD3.Signal=GPXTI3
PD4.Locked=true
PD4.Signal=FMC_NOE
PD5.Locked=true
PD5.Signal=FMC_NWE
PD8.Locked=true
PD8.Signal=FMC_D13_DA13
PD9.Locked=true
PD9.Signal=FMC_D14_DA14
PE0.Locked=true
PE0.Signal=FMC_NBL0
PE1.Locked=true
PE1.Signal=FMC_NBL1
PE10.Locked=true
PE10.Signal=FMC_D7_DA7
PE11.Locked=true
PE11.Signal=FMC_D8_DA8
PE12.Locked=true
PE12.Signal=FMC_D9_DA9
PE13.Locked=true
PE13.Signal=FMC_D10_DA10
PE14.Locked=true
PE14.Signal=FMC_D11_DA11
PE15.Locked=true
PE15.Signal=FMC_D12_DA12
PE2.Locked=true
PE2.Mode=Full_Duplex_Master
PE2.Signal=SPI4_SCK
PE5.Locked=true
PE5.Mode=Full_Duplex_Master
PE5.Signal=SPI4_MISO
PE6.Locked=true
PE6.Mode=Full_Duplex_Master
PE6.Signal=SPI4_MOSI
PE7.Locked=true
PE7.Signal=FMC_D4_DA4
PE8.Locked=true
PE8.Signal=FMC_D5_DA5
PE9.Locked=true
PE9.Signal=FMC_D6_DA6
PF0.Locked=true
PF0.Signal=FMC_A0
PF1.Locked=true
PF1.Signal=FMC_A1
PF11.Locked=true
PF11.Signal=FMC_SDNRAS
PF12.Locked=true
PF12.Signal=FMC_A6
PF13.Locked=true
PF13.Signal=FMC_A7
PF14.Locked=true
PF14.Signal=FMC_A8
PF15.Locked=true
PF15.Signal=FMC_A9
PF2.Locked=true
PF2.Signal=FMC_A2
PF3.Locked=true
PF3.Signal=FMC_A3
PF4.Locked=true
PF4.Signal=FMC_A4
PF5.Locked=true
PF5.Signal=FMC_A5
PF6.Locked=true
PF6.Mode=IN8-Single-Ended
PF6.Signal=ADC3_INP8
PG0.Locked=true
PG0.Signal=FMC_A10
PG1.Locked=true
PG1.Signal=FMC_A11
PG10.Locked=true
PG10.Mode=NorPsramChipSelect3_1
PG10.Signal=FMC_NE3
PG11.GPIOParameters=PinState,GPIO_Label
PG11.GPIO_Label=SPI6_nCS
PG11.Locked=true
PG11.PinState=GPIO_PIN_SET
PG11.Signal=GPIO_Output
PG12.Locked=true
PG12.Mode=Full_Duplex_Master
PG12.Signal=SPI6_MISO
PG13.Locked=true
PG13.Mode=Full_Duplex_Master
PG13.Signal=SPI6_SCK
PG14.Locked=true
PG14.Mode=Full_Duplex_Master
PG14.Signal=SPI6_MOSI
PG15.Locked=true
PG15.Signal=FMC_SDNCAS
PG2.Locked=true
PG2.Signal=FMC_A12
PG4.Locked=true
PG4.Signal=FMC_A14_BA0
PG5.Locked=true
PG5.Signal=FMC_A15_BA1
PG8.Locked=true
PG8.Signal=FMC_SDCLK
PH0-OSC_IN\ (PH0).Locked=true
PH0-OSC_IN\ (PH0).Mode=HSE-External-Oscillator
PH0-OSC_IN\ (PH0).Signal=RCC_OSC_IN
PH1-OSC_OUT\ (PH1).Locked=true
PH1-OSC_OUT\ (PH1).Mode=HSE-External-Oscillator
PH1-OSC_OUT\ (PH1).Signal=RCC_OSC_OUT
PinOutPanel.RotationAngle=-90
ProjectManager.AskForMigrate=true
ProjectManager.BackupPrevious=false
ProjectManager.CompilerOptimize=6
ProjectManager.ComputerToolchain=false
ProjectManager.CoupleFile=true
ProjectManager.CustomerFirmwarePackage=
ProjectManager.DefaultFWLocation=true
ProjectManager.DeletePrevious=true
ProjectManager.DeviceId=STM32H743ZITx
ProjectManager.FirmwarePackage=STM32Cube FW_H7 V1.9.0
ProjectManager.FreePins=false
ProjectManager.HalAssertFull=false
ProjectManager.HeapSize=0x4000
ProjectManager.KeepUserCode=true
ProjectManager.LastFirmware=true
ProjectManager.LibraryCopy=1
ProjectManager.MainLocation=Core/Src
ProjectManager.NoMain=true
ProjectManager.PreviousToolchain=STM32CubeIDE
ProjectManager.ProjectBuild=false
ProjectManager.ProjectFileName=hal.ioc
ProjectManager.ProjectName=hal
ProjectManager.RegisterCallBack=
ProjectManager.StackSize=0x1000
ProjectManager.TargetToolchain=STM32CubeIDE
ProjectManager.ToolChainLocation=
ProjectManager.UnderRoot=true
ProjectManager.functionlistsort=1-MX_GPIO_Init-GPIO-false-HAL-true,2-SystemClock_Config-RCC-false-HAL-false,3-MX_FMC_Init-FMC-false-HAL-true,4-MX_I2C2_Init-I2C2-false-HAL-true,5-MX_USART1_UART_Init-USART1-false-HAL-true,6-MX_FDCAN1_Init-FDCAN1-false-HAL-true,7-MX_I2S2_Init-I2S2-false-HAL-true,8-MX_SPI4_Init-SPI4-false-HAL-true,9-MX_SPI6_Init-SPI6-false-HAL-true,10-MX_SDMMC1_SD_Init-SDMMC1-false-HAL-true,11-MX_FATFS_Init-FATFS-false-HAL-false,12-MX_USB_DEVICE_Init-USB_DEVICE-false-HAL-false,13-MX_DMA2D_Init-DMA2D-false-HAL-true,14-MX_ADC3_Init-ADC3-false-HAL-true,15-MX_DAC1_Init-DAC1-false-HAL-true,16-MX_ADC1_Init-ADC1-false-HAL-true,17-MX_ADC2_Init-ADC2-false-HAL-true,0-MX_CORTEX_M7_Init-CORTEX_M7-false-HAL-true
RCC.ADCCLockSelection=RCC_ADCCLKSOURCE_CLKP
RCC.ADCFreq_Value=64000000
RCC.AHB12Freq_Value=240000000
RCC.AHB4Freq_Value=240000000
RCC.APB1Freq_Value=120000000
RCC.APB2Freq_Value=120000000
RCC.APB3Freq_Value=120000000
RCC.APB4Freq_Value=120000000
RCC.AXIClockFreq_Value=240000000
RCC.CECFreq_Value=32000
RCC.CKPERFreq_Value=64000000
RCC.CortexFreq_Value=480000000
RCC.CpuClockFreq_Value=480000000
RCC.D1CPREFreq_Value=480000000
RCC.D1PPRE=RCC_APB3_DIV2
RCC.D2PPRE1=RCC_APB1_DIV2
RCC.D2PPRE2=RCC_APB2_DIV2
RCC.D3PPRE=RCC_APB4_DIV2
RCC.DFSDMACLkFreq_Value=192000000
RCC.DFSDMFreq_Value=120000000
RCC.DIVM1=5
RCC.DIVM2=2
RCC.DIVN1=192
RCC.DIVN2=48
RCC.DIVP1Freq_Value=480000000
RCC.DIVP2Freq_Value=300000000
RCC.DIVP3Freq_Value=50390625
RCC.DIVQ1=5
RCC.DIVQ1Freq_Value=192000000
RCC.DIVQ2=5
RCC.DIVQ2Freq_Value=120000000
RCC.DIVQ3Freq_Value=50390625
RCC.DIVR1Freq_Value=480000000
RCC.DIVR2Freq_Value=300000000
RCC.DIVR3Freq_Value=50390625
RCC.FDCANCLockSelection=RCC_FDCANCLKSOURCE_PLL2
RCC.FDCANFreq_Value=120000000
RCC.FMCCLockSelection=RCC_FMCCLKSOURCE_PLL2
RCC.FMCFreq_Value=300000000
RCC.FamilyName=M
RCC.HCLK3ClockFreq_Value=240000000
RCC.HCLKFreq_Value=240000000
RCC.HPRE=RCC_HCLK_DIV2
RCC.HRTIMFreq_Value=240000000
RCC.HSE_VALUE=25000000
RCC.I2C123Freq_Value=120000000
RCC.I2C4Freq_Value=120000000
RCC.IPParameters=ADCCLockSelection,ADCFreq_Value,AHB12Freq_Value,AHB4Freq_Value,APB1Freq_Value,APB2Freq_Value,APB3Freq_Value,APB4Freq_Value,AXIClockFreq_Value,CECFreq_Value,CKPERFreq_Value,CortexFreq_Value,CpuClockFreq_Value,D1CPREFreq_Value,D1PPRE,D2PPRE1,D2PPRE2,D3PPRE,DFSDMACLkFreq_Value,DFSDMFreq_Value,DIVM1,DIVM2,DIVN1,DIVN2,DIVP1Freq_Value,DIVP2Freq_Value,DIVP3Freq_Value,DIVQ1,DIVQ1Freq_Value,DIVQ2,DIVQ2Freq_Value,DIVQ3Freq_Value,DIVR1Freq_Value,DIVR2Freq_Value,DIVR3Freq_Value,FDCANCLockSelection,FDCANFreq_Value,FMCCLockSelection,FMCFreq_Value,FamilyName,HCLK3ClockFreq_Value,HCLKFreq_Value,HPRE,HRTIMFreq_Value,HSE_VALUE,I2C123Freq_Value,I2C4Freq_Value,LPTIM1Freq_Value,LPTIM2Freq_Value,LPTIM345Freq_Value,LPUART1Freq_Value,LTDCFreq_Value,MCO1PinFreq_Value,MCO2PinFreq_Value,PLL1_VCI_Range-AdvancedSettings,PLL1_VCO_SEL-AdvancedSettings,PLL2FRACN,PLL2_VCI_Range-AdvancedSettings,PLL2_VCO_SEL-AdvancedSettings,PLL3_VCI_Range-AdvancedSettings,PLL3_VCO_SEL-AdvancedSettings,PLLDSIMult,PLLDSINDIV,PLLFRACN,PLLSourceVirtual,PWR_Regulator_Voltage_Scale,ProductRev,QSPIFreq_Value,RCC_TIM_PRescaler_Selection,RNGFreq_Value,RTCFreq_Value,SAI1Freq_Value,SAI23Freq_Value,SAI4AFreq_Value,SAI4BFreq_Value,SDMMCFreq_Value,SPDIFRXFreq_Value,SPI123Freq_Value,SPI45Freq_Value,SPI6Freq_Value,SWPMI1Freq_Value,SYSCLKFreq_VALUE,SYSCLKSource,SupplySource,Tim1OutputFreq_Value,Tim2OutputFreq_Value,TraceFreq_Value,USART16Freq_Value,USART234578Freq_Value,USBCLockSelection,USBFreq_Value,VCO1OutputFreq_Value,VCO2OutputFreq_Value,VCO3OutputFreq_Value,VCOInput1Freq_Value,VCOInput2Freq_Value,VCOInput3Freq_Value
RCC.LPTIM1Freq_Value=120000000
RCC.LPTIM2Freq_Value=120000000
RCC.LPTIM345Freq_Value=120000000
RCC.LPUART1Freq_Value=120000000
RCC.LTDCFreq_Value=50390625
RCC.MCO1PinFreq_Value=64000000
RCC.MCO2PinFreq_Value=480000000
RCC.PLL1_VCI_Range-AdvancedSettings=RCC_PLL1VCIRANGE_0
RCC.PLL1_VCO_SEL-AdvancedSettings=RCC_PLL1VCOMEDIUM
RCC.PLL2FRACN=0
RCC.PLL2_VCI_Range-AdvancedSettings=RCC_PLL2VCIRANGE_0
RCC.PLL2_VCO_SEL-AdvancedSettings=RCC_PLL2VCOMEDIUM
RCC.PLL3_VCI_Range-AdvancedSettings=RCC_PLL3VCIRANGE_0
RCC.PLL3_VCO_SEL-AdvancedSettings=RCC_PLL3VCOMEDIUM
RCC.PLLDSIMult=2
RCC.PLLDSINDIV=20
RCC.PLLFRACN=0
RCC.PLLSourceVirtual=RCC_PLLSOURCE_HSE
RCC.PWR_Regulator_Voltage_Scale=PWR_REGULATOR_VOLTAGE_SCALE0
RCC.ProductRev=revV
RCC.QSPIFreq_Value=240000000
RCC.RCC_TIM_PRescaler_Selection=RCC_TIMPRES_ACTIVATED
RCC.RNGFreq_Value=48000000
RCC.RTCFreq_Value=32000
RCC.SAI1Freq_Value=192000000
RCC.SAI23Freq_Value=192000000
RCC.SAI4AFreq_Value=192000000
RCC.SAI4BFreq_Value=192000000
RCC.SDMMCFreq_Value=192000000
RCC.SPDIFRXFreq_Value=192000000
RCC.SPI123Freq_Value=192000000
RCC.SPI45Freq_Value=120000000
RCC.SPI6Freq_Value=120000000
RCC.SWPMI1Freq_Value=120000000
RCC.SYSCLKFreq_VALUE=480000000
RCC.SYSCLKSource=RCC_SYSCLKSOURCE_PLLCLK
RCC.SupplySource=PWR_LDO_SUPPLY
RCC.Tim1OutputFreq_Value=240000000
RCC.Tim2OutputFreq_Value=240000000
RCC.TraceFreq_Value=64000000
RCC.USART16Freq_Value=120000000
RCC.USART234578Freq_Value=120000000
RCC.USBCLockSelection=RCC_USBCLKSOURCE_HSI48
RCC.USBFreq_Value=48000000
RCC.VCO1OutputFreq_Value=960000000
RCC.VCO2OutputFreq_Value=600000000
RCC.VCO3OutputFreq_Value=100781250
RCC.VCOInput1Freq_Value=5000000
RCC.VCOInput2Freq_Value=12500000
RCC.VCOInput3Freq_Value=781250
SDMMC1.ClockDiv=0
SDMMC1.HardwareFlowControl=SDMMC_HARDWARE_FLOW_CONTROL_ENABLE
SDMMC1.IPParameters=HardwareFlowControl,TransceiverPresent,ClockDiv
SDMMC1.TransceiverPresent=SDMMC_TRANSCEIVER_NOT_PRESENT
SH.ADCx_INP14.0=ADC1_INP14,IN14-Single-Ended
SH.ADCx_INP14.ConfNb=1
SH.ADCx_INP15.0=ADC1_INP15,IN15-Single-Ended
SH.ADCx_INP15.ConfNb=1
SH.ADCx_INP3.0=ADC2_INP3,IN3-Single-Ended
SH.ADCx_INP3.ConfNb=1
SH.COMP_DAC11_group.0=DAC1_OUT1,DAC_OUT1
SH.COMP_DAC11_group.ConfNb=1
SH.COMP_DAC12_group.0=DAC1_OUT2,DAC_OUT2
SH.COMP_DAC12_group.ConfNb=1
SH.FMC_A0.0=FMC_A0,13b-sda1
SH.FMC_A0.1=FMC_A0,A0_2
SH.FMC_A0.2=FMC_A0,13b-a1
SH.FMC_A0.ConfNb=3
SH.FMC_A1.0=FMC_A1,13b-sda1
SH.FMC_A1.1=FMC_A1,13b-a1
SH.FMC_A1.ConfNb=2
SH.FMC_A10.0=FMC_A10,13b-sda1
SH.FMC_A10.1=FMC_A10,13b-a1
SH.FMC_A10.ConfNb=2
SH.FMC_A11.0=FMC_A11,13b-sda1
SH.FMC_A11.1=FMC_A11,13b-a1
SH.FMC_A11.ConfNb=2
SH.FMC_A12.0=FMC_A12,13b-sda1
SH.FMC_A12.1=FMC_A12,13b-a1
SH.FMC_A12.ConfNb=2
SH.FMC_A14_BA0.0=FMC_BA0,FourSdramBanks1
SH.FMC_A14_BA0.ConfNb=1
SH.FMC_A15_BA1.0=FMC_BA1,FourSdramBanks1
SH.FMC_A15_BA1.ConfNb=1
SH.FMC_A2.0=FMC_A2,13b-sda1
SH.FMC_A2.1=FMC_A2,13b-a1
SH.FMC_A2.ConfNb=2
SH.FMC_A3.0=FMC_A3,13b-sda1
SH.FMC_A3.1=FMC_A3,13b-a1
SH.FMC_A3.ConfNb=2
SH.FMC_A4.0=FMC_A4,13b-sda1
SH.FMC_A4.1=FMC_A4,13b-a1
SH.FMC_A4.ConfNb=2
SH.FMC_A5.0=FMC_A5,13b-sda1
SH.FMC_A5.1=FMC_A5,13b-a1
SH.FMC_A5.ConfNb=2
SH.FMC_A6.0=FMC_A6,13b-sda1
SH.FMC_A6.1=FMC_A6,13b-a1
SH.FMC_A6.ConfNb=2
SH.FMC_A7.0=FMC_A7,13b-sda1
SH.FMC_A7.1=FMC_A7,13b-a1
SH.FMC_A7.ConfNb=2
SH.FMC_A8.0=FMC_A8,13b-sda1
SH.FMC_A8.1=FMC_A8,13b-a1
SH.FMC_A8.ConfNb=2
SH.FMC_A9.0=FMC_A9,13b-sda1
SH.FMC_A9.1=FMC_A9,13b-a1
SH.FMC_A9.ConfNb=2
SH.FMC_D0_DA0.0=FMC_D0,sd-16b-d1
SH.FMC_D0_DA0.1=FMC_D0,16b-d2
SH.FMC_D0_DA0.2=FMC_D0,16b-d1
SH.FMC_D0_DA0.ConfNb=3
SH.FMC_D10_DA10.0=FMC_D10,sd-16b-d1
SH.FMC_D10_DA10.1=FMC_D10,16b-d2
SH.FMC_D10_DA10.2=FMC_D10,16b-d1
SH.FMC_D10_DA10.ConfNb=3
SH.FMC_D11_DA11.0=FMC_D11,sd-16b-d1
SH.FMC_D11_DA11.1=FMC_D11,16b-d2
SH.FMC_D11_DA11.2=FMC_D11,16b-d1
SH.FMC_D11_DA11.ConfNb=3
SH.FMC_D12_DA12.0=FMC_D12,sd-16b-d1
SH.FMC_D12_DA12.1=FMC_D12,16b-d2
SH.FMC_D12_DA12.2=FMC_D12,16b-d1
SH.FMC_D12_DA12.ConfNb=3
SH.FMC_D13_DA13.0=FMC_D13,sd-16b-d1
SH.FMC_D13_DA13.1=FMC_D13,16b-d2
SH.FMC_D13_DA13.2=FMC_D13,16b-d1
SH.FMC_D13_DA13.ConfNb=3
SH.FMC_D14_DA14.0=FMC_D14,sd-16b-d1
SH.FMC_D14_DA14.1=FMC_D14,16b-d2
SH.FMC_D14_DA14.2=FMC_D14,16b-d1
SH.FMC_D14_DA14.ConfNb=3
SH.FMC_D15_DA15.0=FMC_D15,sd-16b-d1
SH.FMC_D15_DA15.1=FMC_D15,16b-d2
SH.FMC_D15_DA15.2=FMC_D15,16b-d1
SH.FMC_D15_DA15.ConfNb=3
SH.FMC_D1_DA1.0=FMC_D1,sd-16b-d1
SH.FMC_D1_DA1.1=FMC_D1,16b-d2
SH.FMC_D1_DA1.2=FMC_D1,16b-d1
SH.FMC_D1_DA1.ConfNb=3
SH.FMC_D2_DA2.0=FMC_D2,sd-16b-d1
SH.FMC_D2_DA2.1=FMC_D2,16b-d2
SH.FMC_D2_DA2.2=FMC_D2,16b-d1
SH.FMC_D2_DA2.ConfNb=3
SH.FMC_D3_DA3.0=FMC_D3,sd-16b-d1
SH.FMC_D3_DA3.1=FMC_D3,16b-d2
SH.FMC_D3_DA3.2=FMC_D3,16b-d1
SH.FMC_D3_DA3.ConfNb=3
SH.FMC_D4_DA4.0=FMC_D4,sd-16b-d1
SH.FMC_D4_DA4.1=FMC_D4,16b-d2
SH.FMC_D4_DA4.2=FMC_D4,16b-d1
SH.FMC_D4_DA4.ConfNb=3
SH.FMC_D5_DA5.0=FMC_D5,sd-16b-d1
SH.FMC_D5_DA5.1=FMC_D5,16b-d2
SH.FMC_D5_DA5.2=FMC_D5,16b-d1
SH.FMC_D5_DA5.ConfNb=3
SH.FMC_D6_DA6.0=FMC_D6,sd-16b-d1
SH.FMC_D6_DA6.1=FMC_D6,16b-d2
SH.FMC_D6_DA6.2=FMC_D6,16b-d1
SH.FMC_D6_DA6.ConfNb=3
SH.FMC_D7_DA7.0=FMC_D7,sd-16b-d1
SH.FMC_D7_DA7.1=FMC_D7,16b-d2
SH.FMC_D7_DA7.2=FMC_D7,16b-d1
SH.FMC_D7_DA7.ConfNb=3
SH.FMC_D8_DA8.0=FMC_D8,sd-16b-d1
SH.FMC_D8_DA8.1=FMC_D8,16b-d2
SH.FMC_D8_DA8.2=FMC_D8,16b-d1
SH.FMC_D8_DA8.ConfNb=3
SH.FMC_D9_DA9.0=FMC_D9,sd-16b-d1
SH.FMC_D9_DA9.1=FMC_D9,16b-d2
SH.FMC_D9_DA9.2=FMC_D9,16b-d1
SH.FMC_D9_DA9.ConfNb=3
SH.FMC_NBL0.0=FMC_NBL0,Sd2ByteEnable1
SH.FMC_NBL0.ConfNb=1
SH.FMC_NBL1.0=FMC_NBL1,Sd2ByteEnable1
SH.FMC_NBL1.ConfNb=1
SH.FMC_NOE.0=FMC_NOE,Lcd2
SH.FMC_NOE.1=FMC_NOE,Sram1
SH.FMC_NOE.ConfNb=2
SH.FMC_NWE.0=FMC_NWE,Lcd2
SH.FMC_NWE.1=FMC_NWE,Sram1
SH.FMC_NWE.ConfNb=2
SH.FMC_SDCLK.0=FMC_SDCLK,13b-sda1
SH.FMC_SDCLK.ConfNb=1
SH.FMC_SDNCAS.0=FMC_SDNCAS,13b-sda1
SH.FMC_SDNCAS.ConfNb=1
SH.FMC_SDNRAS.0=FMC_SDNRAS,13b-sda1
SH.FMC_SDNRAS.ConfNb=1
SH.FMC_SDNWE.0=FMC_SDNWE,13b-sda1
SH.FMC_SDNWE.ConfNb=1
SH.GPXTI3.0=GPIO_EXTI3
SH.GPXTI3.ConfNb=1
SPI4.BaudRatePrescaler=SPI_BAUDRATEPRESCALER_64
SPI4.CalculateBaudRate=1.875 MBits/s
SPI4.DataSize=SPI_DATASIZE_8BIT
SPI4.Direction=SPI_DIRECTION_2LINES
SPI4.IPParameters=VirtualType,Mode,Direction,CalculateBaudRate,DataSize,BaudRatePrescaler
SPI4.Mode=SPI_MODE_MASTER
SPI4.VirtualType=VM_MASTER
SPI6.BaudRatePrescaler=SPI_BAUDRATEPRESCALER_8
SPI6.CalculateBaudRate=15.0 MBits/s
SPI6.DataSize=SPI_DATASIZE_8BIT
SPI6.Direction=SPI_DIRECTION_2LINES
SPI6.IPParameters=VirtualType,Mode,Direction,CalculateBaudRate,DataSize,NSSPMode,BaudRatePrescaler
SPI6.Mode=SPI_MODE_MASTER
SPI6.NSSPMode=SPI_NSS_PULSE_DISABLE
SPI6.VirtualType=VM_MASTER
USART1.IPParameters=VirtualMode-Asynchronous
USART1.VirtualMode-Asynchronous=VM_ASYNC
USB_DEVICE.CLASS_NAME_FS=CUSTOM_HID
USB_DEVICE.IPParameters=VirtualModeFS,CLASS_NAME_FS,VirtualMode-CUSTOM_HID_FS
USB_DEVICE.VirtualMode-CUSTOM_HID_FS=CustomHid
USB_DEVICE.VirtualModeFS=Custom_Hid_FS
USB_OTG_FS.IPParameters=VirtualMode,dma_enable,use_dedicated_ep1,Sof_enable
USB_OTG_FS.Sof_enable=ENABLE
USB_OTG_FS.VirtualMode=Device_Only
USB_OTG_FS.dma_enable=DISABLE
USB_OTG_FS.use_dedicated_ep1=DISABLE
VP_DMA2D_VS_DMA2D.Mode=DMA2D_Activate
VP_DMA2D_VS_DMA2D.Signal=DMA2D_VS_DMA2D
VP_FATFS_VS_SDIO.Mode=SDIO
VP_FATFS_VS_SDIO.Signal=FATFS_VS_SDIO
VP_SYS_VS_Systick.Mode=SysTick
VP_SYS_VS_Systick.Signal=SYS_VS_Systick
VP_USB_DEVICE_VS_USB_DEVICE_CUSTOM_HID_FS.Mode=CUSTOM_HID_FS
VP_USB_DEVICE_VS_USB_DEVICE_CUSTOM_HID_FS.Signal=USB_DEVICE_VS_USB_DEVICE_CUSTOM_HID_FS
board=custom
isbadioc=false
